
Microsoft Visual Studio Solution File, Format Version 12.00
# Visual Studio Version 16
VisualStudioVersion = 16.0.28803.202
MinimumVisualStudioVersion = 10.0.40219.1
Project("{FAE04EC0-301F-11D3-BF4B-00C04F79EFBC}") = "TaskWcf", "TaskWcf\TaskWcf.csproj", "{1C2CB125-BCCF-49BC-9F11-1BD861045BBA}"
EndProject
Project("{2150E333-8FDC-42A3-9474-1A3956D46DE8}") = "Tests", "Tests", "{41ADC2D8-149A-4084-B902-5DD48C27F97F}"
EndProject
Project("{FAE04EC0-301F-11D3-BF4B-00C04F79EFBC}") = "TaskWcfUnitTest", "TaskWcfUnitTest\TaskWcfUnitTest.csproj", "{17CE165F-ED81-491A-81CE-A5CE5A1DA721}"
	ProjectSection(ProjectDependencies) = postProject
		{1C2CB125-BCCF-49BC-9F11-1BD861045BBA} = {1C2CB125-BCCF-49BC-9F11-1BD861045BBA}
	EndProjectSection
EndProject
Project("{FAE04EC0-301F-11D3-BF4B-00C04F79EFBC}") = "TaskWebApp", "TaskWebApp\TaskWebApp.csproj", "{E220B9A7-0C2B-4405-92AE-A6E64A702E21}"
EndProject
Project("{FAE04EC0-301F-11D3-BF4B-00C04F79EFBC}") = "TaskCommon", "TaskCommon\TaskCommon.csproj", "{D726B3DA-C828-4B8B-AEB6-F505C72C637C}"
EndProject
Project("{2150E333-8FDC-42A3-9474-1A3956D46DE8}") = "Documents", "Documents", "{CFEB1A0A-2F31-4D03-AD55-1FBB0A4C7F8C}"
	ProjectSection(SolutionItems) = preProject
		Описание.docx = Описание.docx
	EndProjectSection
EndProject
Project("{2150E333-8FDC-42A3-9474-1A3956D46DE8}") = "DB", "DB", "{FB8861E9-B2CE-42A1-8C6D-74910FE7BC4F}"
	ProjectSection(SolutionItems) = preProject
		TaskDB.bak = TaskDB.bak
	EndProjectSection
EndProject
Global
	GlobalSection(SolutionConfigurationPlatforms) = preSolution
		Debug|Any CPU = Debug|Any CPU
		Release|Any CPU = Release|Any CPU
	EndGlobalSection
	GlobalSection(ProjectConfigurationPlatforms) = postSolution
		{1C2CB125-BCCF-49BC-9F11-1BD861045BBA}.Debug|Any CPU.ActiveCfg = Debug|Any CPU
		{1C2CB125-BCCF-49BC-9F11-1BD861045BBA}.Debug|Any CPU.Build.0 = Debug|Any CPU
		{1C2CB125-BCCF-49BC-9F11-1BD861045BBA}.Release|Any CPU.ActiveCfg = Release|Any CPU
		{1C2CB125-BCCF-49BC-9F11-1BD861045BBA}.Release|Any CPU.Build.0 = Release|Any CPU
		{17CE165F-ED81-491A-81CE-A5CE5A1DA721}.Debug|Any CPU.ActiveCfg = Debug|Any CPU
		{17CE165F-ED81-491A-81CE-A5CE5A1DA721}.Debug|Any CPU.Build.0 = Debug|Any CPU
		{17CE165F-ED81-491A-81CE-A5CE5A1DA721}.Release|Any CPU.ActiveCfg = Release|Any CPU
		{17CE165F-ED81-491A-81CE-A5CE5A1DA721}.Release|Any CPU.Build.0 = Release|Any CPU
		{E220B9A7-0C2B-4405-92AE-A6E64A702E21}.Debug|Any CPU.ActiveCfg = Debug|Any CPU
		{E220B9A7-0C2B-4405-92AE-A6E64A702E21}.Debug|Any CPU.Build.0 = Debug|Any CPU
		{E220B9A7-0C2B-4405-92AE-A6E64A702E21}.Release|Any CPU.ActiveCfg = Release|Any CPU
		{E220B9A7-0C2B-4405-92AE-A6E64A702E21}.Release|Any CPU.Build.0 = Release|Any CPU
		{D726B3DA-C828-4B8B-AEB6-F505C72C637C}.Debug|Any CPU.ActiveCfg = Debug|Any CPU
		{D726B3DA-C828-4B8B-AEB6-F505C72C637C}.Debug|Any CPU.Build.0 = Debug|Any CPU
		{D726B3DA-C828-4B8B-AEB6-F505C72C637C}.Release|Any CPU.ActiveCfg = Release|Any CPU
		{D726B3DA-C828-4B8B-AEB6-F505C72C637C}.Release|Any CPU.Build.0 = Release|Any CPU
	EndGlobalSection
	GlobalSection(SolutionProperties) = preSolution
		HideSolutionNode = FALSE
	EndGlobalSection
	GlobalSection(NestedProjects) = preSolution
		{17CE165F-ED81-491A-81CE-A5CE5A1DA721} = {41ADC2D8-149A-4084-B902-5DD48C27F97F}
	EndGlobalSection
	GlobalSection(ExtensibilityGlobals) = postSolution
		SolutionGuid = {3AB5091C-11B7-48FB-9A77-EA34B05C724A}
	EndGlobalSection
EndGlobal
